
Microsoft Visual Studio Solution File, Format Version 12.00
# Visual Studio Version 17
VisualStudioVersion = 17.8.34330.188
MinimumVisualStudioVersion = 10.0.40219.1
Project("{9A19103F-16F7-4668-BE54-9A1E7A4F7556}") = "Lab4bai1", "Lab4bai1\Lab4bai1.csproj", "{8F1A2273-95E5-46FE-A497-2456DA41568D}"
EndProject
Project("{9A19103F-16F7-4668-BE54-9A1E7A4F7556}") = "Lab4bai2", "Lab4bai2\Lab4bai2.csproj", "{D7875A30-1952-43C1-AFB0-D1981181B1CF}"
EndProject
Project("{FAE04EC0-301F-11D3-BF4B-00C04F79EFBC}") = "Lab4bai3", "Lab4bai3\Lab4bai3.csproj", "{10DDDED7-F787-4AE5-BD74-21B757B16571}"
EndProject
Global
	GlobalSection(SolutionConfigurationPlatforms) = preSolution
		Debug|Any CPU = Debug|Any CPU
		Release|Any CPU = Release|Any CPU
	EndGlobalSection
	GlobalSection(ProjectConfigurationPlatforms) = postSolution
		{8F1A2273-95E5-46FE-A497-2456DA41568D}.Debug|Any CPU.ActiveCfg = Debug|Any CPU
		{8F1A2273-95E5-46FE-A497-2456DA41568D}.Debug|Any CPU.Build.0 = Debug|Any CPU
		{8F1A2273-95E5-46FE-A497-2456DA41568D}.Release|Any CPU.ActiveCfg = Release|Any CPU
		{8F1A2273-95E5-46FE-A497-2456DA41568D}.Release|Any CPU.Build.0 = Release|Any CPU
		{D7875A30-1952-43C1-AFB0-D1981181B1CF}.Debug|Any CPU.ActiveCfg = Debug|Any CPU
		{D7875A30-1952-43C1-AFB0-D1981181B1CF}.Debug|Any CPU.Build.0 = Debug|Any CPU
		{D7875A30-1952-43C1-AFB0-D1981181B1CF}.Release|Any CPU.ActiveCfg = Release|Any CPU
		{D7875A30-1952-43C1-AFB0-D1981181B1CF}.Release|Any CPU.Build.0 = Release|Any CPU
		{10DDDED7-F787-4AE5-BD74-21B757B16571}.Debug|Any CPU.ActiveCfg = Debug|Any CPU
		{10DDDED7-F787-4AE5-BD74-21B757B16571}.Debug|Any CPU.Build.0 = Debug|Any CPU
		{10DDDED7-F787-4AE5-BD74-21B757B16571}.Release|Any CPU.ActiveCfg = Release|Any CPU
		{10DDDED7-F787-4AE5-BD74-21B757B16571}.Release|Any CPU.Build.0 = Release|Any CPU
	EndGlobalSection
	GlobalSection(SolutionProperties) = preSolution
		HideSolutionNode = FALSE
	EndGlobalSection
	GlobalSection(ExtensibilityGlobals) = postSolution
		SolutionGuid = {C058A966-06EB-4EC1-85C9-8BBEDE29F48C}
	EndGlobalSection
EndGlobal
